
Microsoft Visual Studio Solution File, Format Version 11.00
# Visual Studio 2010
Project("{FAE04EC0-301F-11D3-BF4B-00C04F79EFBC}") = "UI.BrowserDialogHandlers", "UI.BrowserDialogHandlers\UI.BrowserDialogHandlers.csproj", "{24D00592-D6E4-4A77-8759-84B9EF459E55}"
EndProject
Global
	GlobalSection(SolutionConfigurationPlatforms) = preSolution
		Debug|x86 = Debug|x86
		Release|x86 = Release|x86
	EndGlobalSection
	GlobalSection(ProjectConfigurationPlatforms) = postSolution
		{24D00592-D6E4-4A77-8759-84B9EF459E55}.Debug|x86.ActiveCfg = Debug|x86
		{24D00592-D6E4-4A77-8759-84B9EF459E55}.Debug|x86.Build.0 = Debug|x86
		{24D00592-D6E4-4A77-8759-84B9EF459E55}.Release|x86.ActiveCfg = Release|x86
		{24D00592-D6E4-4A77-8759-84B9EF459E55}.Release|x86.Build.0 = Release|x86
	EndGlobalSection
	GlobalSection(SolutionProperties) = preSolution
		HideSolutionNode = FALSE
	EndGlobalSection
EndGlobal
